
Microsoft Visual Studio Solution File, Format Version 12.00
# Visual Studio 15
VisualStudioVersion = 15.0.28307.852
MinimumVisualStudioVersion = 10.0.40219.1
Project("{8BC9CEB8-8B4A-11D0-8D11-00A0C91BC942}") = "visibility", "visibility\visibility.vcxproj", "{0A781C7C-E199-49A2-A7E1-1776A548FC50}"
EndProject
Global
	GlobalSection(SolutionConfigurationPlatforms) = preSolution
		Debug|x64 = Debug|x64
		Debug|x86 = Debug|x86
		Release|x64 = Release|x64
		Release|x86 = Release|x86
	EndGlobalSection
	GlobalSection(ProjectConfigurationPlatforms) = postSolution
		{0A781C7C-E199-49A2-A7E1-1776A548FC50}.Debug|x64.ActiveCfg = Debug|x64
		{0A781C7C-E199-49A2-A7E1-1776A548FC50}.Debug|x64.Build.0 = Debug|x64
		{0A781C7C-E199-49A2-A7E1-1776A548FC50}.Debug|x86.ActiveCfg = Debug|Win32
		{0A781C7C-E199-49A2-A7E1-1776A548FC50}.Debug|x86.Build.0 = Debug|Win32
		{0A781C7C-E199-49A2-A7E1-1776A548FC50}.Release|x64.ActiveCfg = Release|x64
		{0A781C7C-E199-49A2-A7E1-1776A548FC50}.Release|x64.Build.0 = Release|x64
		{0A781C7C-E199-49A2-A7E1-1776A548FC50}.Release|x86.ActiveCfg = Release|Win32
		{0A781C7C-E199-49A2-A7E1-1776A548FC50}.Release|x86.Build.0 = Release|Win32
	EndGlobalSection
	GlobalSection(SolutionProperties) = preSolution
		HideSolutionNode = FALSE
	EndGlobalSection
	GlobalSection(ExtensibilityGlobals) = postSolution
		SolutionGuid = {A0D889A9-8667-4294-B2ED-8E779AFE64A6}
	EndGlobalSection
EndGlobal
